// !$*UTF8*$!
{
	archiveVersion = 1;
	classes = {
	};
	objectVersion = 46;
	objects = {

/* Begin PBXBuildFile section */
		1A26E054187C5216000CF46C /* DynamicTextHeightLabel.m in Sources */ = {isa = PBXBuildFile; fileRef = 1A26E053187C5216000CF46C /* DynamicTextHeightLabel.m */; };
		1A579C46187B449B00E5F5BE /* Foundation.framework in Frameworks */ = {isa = PBXBuildFile; fileRef = 1A579C45187B449B00E5F5BE /* Foundation.framework */; };
		1A579C48187B449B00E5F5BE /* CoreGraphics.framework in Frameworks */ = {isa = PBXBuildFile; fileRef = 1A579C47187B449B00E5F5BE /* CoreGraphics.framework */; };
		1A579C4A187B449B00E5F5BE /* UIKit.framework in Frameworks */ = {isa = PBXBuildFile; fileRef = 1A579C49187B449B00E5F5BE /* UIKit.framework */; };
		1A579C50187B449B00E5F5BE /* InfoPlist.strings in Resources */ = {isa = PBXBuildFile; fileRef = 1A579C4E187B449B00E5F5BE /* InfoPlist.strings */; };
		1A579C52187B449B00E5F5BE /* main.m in Sources */ = {isa = PBXBuildFile; fileRef = 1A579C51187B449B00E5F5BE /* main.m */; };
		1A579C56187B449B00E5F5BE /* AppDelegate.m in Sources */ = {isa = PBXBuildFile; fileRef = 1A579C55187B449B00E5F5BE /* AppDelegate.m */; };
		1A579C58187B449B00E5F5BE /* Images.xcassets in Resources */ = {isa = PBXBuildFile; fileRef = 1A579C57187B449B00E5F5BE /* Images.xcassets */; };
		1A579C5F187B449B00E5F5BE /* XCTest.framework in Frameworks */ = {isa = PBXBuildFile; fileRef = 1A579C5E187B449B00E5F5BE /* XCTest.framework */; };
		1A579C60187B449B00E5F5BE /* Foundation.framework in Frameworks */ = {isa = PBXBuildFile; fileRef = 1A579C45187B449B00E5F5BE /* Foundation.framework */; };
		1A579C61187B449B00E5F5BE /* UIKit.framework in Frameworks */ = {isa = PBXBuildFile; fileRef = 1A579C49187B449B00E5F5BE /* UIKit.framework */; };
		1A579C69187B449B00E5F5BE /* InfoPlist.strings in Resources */ = {isa = PBXBuildFile; fileRef = 1A579C67187B449B00E5F5BE /* InfoPlist.strings */; };
		1A579C6B187B449B00E5F5BE /* LayoutExamplesTests.m in Sources */ = {isa = PBXBuildFile; fileRef = 1A579C6A187B449B00E5F5BE /* LayoutExamplesTests.m */; };
		1A579C75187B45C700E5F5BE /* LayoutList.storyboard in Resources */ = {isa = PBXBuildFile; fileRef = 1A579C74187B45C700E5F5BE /* LayoutList.storyboard */; };
		1A579C77187B472900E5F5BE /* DynamicTextHeight.storyboard in Resources */ = {isa = PBXBuildFile; fileRef = 1A579C76187B472900E5F5BE /* DynamicTextHeight.storyboard */; };
		1A579C7B187B4AE700E5F5BE /* DynamicTextHeightTableViewController.m in Sources */ = {isa = PBXBuildFile; fileRef = 1A579C7A187B4AE700E5F5BE /* DynamicTextHeightTableViewController.m */; };
		1A579C7E187B4B0300E5F5BE /* DynamicTextHeightDetailViewController.m in Sources */ = {isa = PBXBuildFile; fileRef = 1A579C7D187B4B0300E5F5BE /* DynamicTextHeightDetailViewController.m */; };
		1A579C81187B4B1100E5F5BE /* firefly.json in Resources */ = {isa = PBXBuildFile; fileRef = 1A579C80187B4B1100E5F5BE /* firefly.json */; };
		1A579C84187B4DEE00E5F5BE /* LayoutListTableViewController.m in Sources */ = {isa = PBXBuildFile; fileRef = 1A579C83187B4DEE00E5F5BE /* LayoutListTableViewController.m */; };
		1A8ABA13187E33DD004F9AA3 /* MenuExpand.storyboard in Resources */ = {isa = PBXBuildFile; fileRef = 1A8ABA12187E33DD004F9AA3 /* MenuExpand.storyboard */; };
		1A8ABA16187E33F1004F9AA3 /* MenuExpandViewController.m in Sources */ = {isa = PBXBuildFile; fileRef = 1A8ABA15187E33F1004F9AA3 /* MenuExpandViewController.m */; };
		1AFEDE5C187B8C210002A697 /* DynamicCellHeight.storyboard in Resources */ = {isa = PBXBuildFile; fileRef = 1AFEDE5B187B8C210002A697 /* DynamicCellHeight.storyboard */; };
		1AFEDE5F187B8D4F0002A697 /* DynamicCellHeightTableViewController.m in Sources */ = {isa = PBXBuildFile; fileRef = 1AFEDE5E187B8D4F0002A697 /* DynamicCellHeightTableViewController.m */; };
		1AFEDE62187B8DD50002A697 /* DynamicHeightCell.m in Sources */ = {isa = PBXBuildFile; fileRef = 1AFEDE61187B8DD50002A697 /* DynamicHeightCell.m */; };
		1AFEDE65187B8E440002A697 /* FireflyService.m in Sources */ = {isa = PBXBuildFile; fileRef = 1AFEDE64187B8E440002A697 /* FireflyService.m */; };
/* End PBXBuildFile section */

/* Begin PBXContainerItemProxy section */
		1A579C62187B449B00E5F5BE /* PBXContainerItemProxy */ = {
			isa = PBXContainerItemProxy;
			containerPortal = 1A579C3A187B449B00E5F5BE /* Project object */;
			proxyType = 1;
			remoteGlobalIDString = 1A579C41187B449B00E5F5BE;
			remoteInfo = LayoutExamples;
		};
/* End PBXContainerItemProxy section */

/* Begin PBXFileReference section */
		1A26E052187C5216000CF46C /* DynamicTextHeightLabel.h */ = {isa = PBXFileReference; fileEncoding = 4; lastKnownFileType = sourcecode.c.h; name = DynamicTextHeightLabel.h; path = Source/DynamicTextHeightLabel.h; sourceTree = "<group>"; };
		1A26E053187C5216000CF46C /* DynamicTextHeightLabel.m */ = {isa = PBXFileReference; fileEncoding = 4; lastKnownFileType = sourcecode.c.objc; name = DynamicTextHeightLabel.m; path = Source/DynamicTextHeightLabel.m; sourceTree = "<group>"; };
		1A376203187C5911008742BF /* README.md */ = {isa = PBXFileReference; lastKnownFileType = text; path = README.md; sourceTree = "<group>"; };
		1A579C42187B449B00E5F5BE /* LayoutExamples.app */ = {isa = PBXFileReference; explicitFileType = wrapper.application; includeInIndex = 0; path = LayoutExamples.app; sourceTree = BUILT_PRODUCTS_DIR; };
		1A579C45187B449B00E5F5BE /* Foundation.framework */ = {isa = PBXFileReference; lastKnownFileType = wrapper.framework; name = Foundation.framework; path = System/Library/Frameworks/Foundation.framework; sourceTree = SDKROOT; };
		1A579C47187B449B00E5F5BE /* CoreGraphics.framework */ = {isa = PBXFileReference; lastKnownFileType = wrapper.framework; name = CoreGraphics.framework; path = System/Library/Frameworks/CoreGraphics.framework; sourceTree = SDKROOT; };
		1A579C49187B449B00E5F5BE /* UIKit.framework */ = {isa = PBXFileReference; lastKnownFileType = wrapper.framework; name = UIKit.framework; path = System/Library/Frameworks/UIKit.framework; sourceTree = SDKROOT; };
		1A579C4D187B449B00E5F5BE /* LayoutExamples-Info.plist */ = {isa = PBXFileReference; lastKnownFileType = text.plist.xml; path = "LayoutExamples-Info.plist"; sourceTree = "<group>"; };
		1A579C4F187B449B00E5F5BE /* en */ = {isa = PBXFileReference; lastKnownFileType = text.plist.strings; name = en; path = en.lproj/InfoPlist.strings; sourceTree = "<group>"; };
		1A579C51187B449B00E5F5BE /* main.m */ = {isa = PBXFileReference; lastKnownFileType = sourcecode.c.objc; path = main.m; sourceTree = "<group>"; };
		1A579C53187B449B00E5F5BE /* LayoutExamples-Prefix.pch */ = {isa = PBXFileReference; lastKnownFileType = sourcecode.c.h; path = "LayoutExamples-Prefix.pch"; sourceTree = "<group>"; };
		1A579C54187B449B00E5F5BE /* AppDelegate.h */ = {isa = PBXFileReference; lastKnownFileType = sourcecode.c.h; path = AppDelegate.h; sourceTree = "<group>"; };
		1A579C55187B449B00E5F5BE /* AppDelegate.m */ = {isa = PBXFileReference; lastKnownFileType = sourcecode.c.objc; path = AppDelegate.m; sourceTree = "<group>"; };
		1A579C57187B449B00E5F5BE /* Images.xcassets */ = {isa = PBXFileReference; lastKnownFileType = folder.assetcatalog; path = Images.xcassets; sourceTree = "<group>"; };
		1A579C5D187B449B00E5F5BE /* LayoutExamplesTests.xctest */ = {isa = PBXFileReference; explicitFileType = wrapper.cfbundle; includeInIndex = 0; path = LayoutExamplesTests.xctest; sourceTree = BUILT_PRODUCTS_DIR; };
		1A579C5E187B449B00E5F5BE /* XCTest.framework */ = {isa = PBXFileReference; lastKnownFileType = wrapper.framework; name = XCTest.framework; path = Library/Frameworks/XCTest.framework; sourceTree = DEVELOPER_DIR; };
		1A579C66187B449B00E5F5BE /* LayoutExamplesTests-Info.plist */ = {isa = PBXFileReference; lastKnownFileType = text.plist.xml; path = "LayoutExamplesTests-Info.plist"; sourceTree = "<group>"; };
		1A579C68187B449B00E5F5BE /* en */ = {isa = PBXFileReference; lastKnownFileType = text.plist.strings; name = en; path = en.lproj/InfoPlist.strings; sourceTree = "<group>"; };
		1A579C6A187B449B00E5F5BE /* LayoutExamplesTests.m */ = {isa = PBXFileReference; lastKnownFileType = sourcecode.c.objc; path = LayoutExamplesTests.m; sourceTree = "<group>"; };
		1A579C74187B45C700E5F5BE /* LayoutList.storyboard */ = {isa = PBXFileReference; fileEncoding = 4; lastKnownFileType = file.storyboard; name = LayoutList.storyboard; path = Source/LayoutList.storyboard; sourceTree = "<group>"; };
		1A579C76187B472900E5F5BE /* DynamicTextHeight.storyboard */ = {isa = PBXFileReference; fileEncoding = 4; lastKnownFileType = file.storyboard; name = DynamicTextHeight.storyboard; path = Source/DynamicTextHeight.storyboard; sourceTree = "<group>"; };
		1A579C79187B4AE700E5F5BE /* DynamicTextHeightTableViewController.h */ = {isa = PBXFileReference; fileEncoding = 4; lastKnownFileType = sourcecode.c.h; name = DynamicTextHeightTableViewController.h; path = Source/DynamicTextHeightTableViewController.h; sourceTree = "<group>"; };
		1A579C7A187B4AE700E5F5BE /* DynamicTextHeightTableViewController.m */ = {isa = PBXFileReference; fileEncoding = 4; lastKnownFileType = sourcecode.c.objc; name = DynamicTextHeightTableViewController.m; path = Source/DynamicTextHeightTableViewController.m; sourceTree = "<group>"; };
		1A579C7C187B4B0300E5F5BE /* DynamicTextHeightDetailViewController.h */ = {isa = PBXFileReference; fileEncoding = 4; lastKnownFileType = sourcecode.c.h; name = DynamicTextHeightDetailViewController.h; path = Source/DynamicTextHeightDetailViewController.h; sourceTree = "<group>"; };
		1A579C7D187B4B0300E5F5BE /* DynamicTextHeightDetailViewController.m */ = {isa = PBXFileReference; fileEncoding = 4; lastKnownFileType = sourcecode.c.objc; name = DynamicTextHeightDetailViewController.m; path = Source/DynamicTextHeightDetailViewController.m; sourceTree = "<group>"; };
		1A579C80187B4B1100E5F5BE /* firefly.json */ = {isa = PBXFileReference; fileEncoding = 4; lastKnownFileType = text.json; path = firefly.json; sourceTree = "<group>"; };
		1A579C82187B4DEE00E5F5BE /* LayoutListTableViewController.h */ = {isa = PBXFileReference; fileEncoding = 4; lastKnownFileType = sourcecode.c.h; name = LayoutListTableViewController.h; path = Source/LayoutListTableViewController.h; sourceTree = "<group>"; };
		1A579C83187B4DEE00E5F5BE /* LayoutListTableViewController.m */ = {isa = PBXFileReference; fileEncoding = 4; lastKnownFileType = sourcecode.c.objc; name = LayoutListTableViewController.m; path = Source/LayoutListTableViewController.m; sourceTree = "<group>"; };
		1A8ABA12187E33DD004F9AA3 /* MenuExpand.storyboard */ = {isa = PBXFileReference; fileEncoding = 4; lastKnownFileType = file.storyboard; name = MenuExpand.storyboard; path = Source/MenuExpand.storyboard; sourceTree = "<group>"; };
		1A8ABA14187E33F1004F9AA3 /* MenuExpandViewController.h */ = {isa = PBXFileReference; fileEncoding = 4; lastKnownFileType = sourcecode.c.h; name = MenuExpandViewController.h; path = Source/MenuExpandViewController.h; sourceTree = "<group>"; };
		1A8ABA15187E33F1004F9AA3 /* MenuExpandViewController.m */ = {isa = PBXFileReference; fileEncoding = 4; lastKnownFileType = sourcecode.c.objc; name = MenuExpandViewController.m; path = Source/MenuExpandViewController.m; sourceTree = "<group>"; };
		1AFEDE5B187B8C210002A697 /* DynamicCellHeight.storyboard */ = {isa = PBXFileReference; fileEncoding = 4; lastKnownFileType = file.storyboard; name = DynamicCellHeight.storyboard; path = Source/DynamicCellHeight.storyboard; sourceTree = "<group>"; };
		1AFEDE5D187B8D4F0002A697 /* DynamicCellHeightTableViewController.h */ = {isa = PBXFileReference; fileEncoding = 4; lastKnownFileType = sourcecode.c.h; name = DynamicCellHeightTableViewController.h; path = Source/DynamicCellHeightTableViewController.h; sourceTree = "<group>"; };
		1AFEDE5E187B8D4F0002A697 /* DynamicCellHeightTableViewController.m */ = {isa = PBXFileReference; fileEncoding = 4; lastKnownFileType = sourcecode.c.objc; name = DynamicCellHeightTableViewController.m; path = Source/DynamicCellHeightTableViewController.m; sourceTree = "<group>"; };
		1AFEDE60187B8DD50002A697 /* DynamicHeightCell.h */ = {isa = PBXFileReference; fileEncoding = 4; lastKnownFileType = sourcecode.c.h; name = DynamicHeightCell.h; path = Source/DynamicHeightCell.h; sourceTree = "<group>"; };
		1AFEDE61187B8DD50002A697 /* DynamicHeightCell.m */ = {isa = PBXFileReference; fileEncoding = 4; lastKnownFileType = sourcecode.c.objc; name = DynamicHeightCell.m; path = Source/DynamicHeightCell.m; sourceTree = "<group>"; };
		1AFEDE63187B8E440002A697 /* FireflyService.h */ = {isa = PBXFileReference; fileEncoding = 4; lastKnownFileType = sourcecode.c.h; name = FireflyService.h; path = LayoutExamples/Source/FireflyService.h; sourceTree = SOURCE_ROOT; };
		1AFEDE64187B8E440002A697 /* FireflyService.m */ = {isa = PBXFileReference; fileEncoding = 4; lastKnownFileType = sourcecode.c.objc; name = FireflyService.m; path = LayoutExamples/Source/FireflyService.m; sourceTree = SOURCE_ROOT; };
/* End PBXFileReference section */

/* Begin PBXFrameworksBuildPhase section */
		1A579C3F187B449B00E5F5BE /* Frameworks */ = {
			isa = PBXFrameworksBuildPhase;
			buildActionMask = 2147483647;
			files = (
				1A579C48187B449B00E5F5BE /* CoreGraphics.framework in Frameworks */,
				1A579C4A187B449B00E5F5BE /* UIKit.framework in Frameworks */,
				1A579C46187B449B00E5F5BE /* Foundation.framework in Frameworks */,
			);
			runOnlyForDeploymentPostprocessing = 0;
		};
		1A579C5A187B449B00E5F5BE /* Frameworks */ = {
			isa = PBXFrameworksBuildPhase;
			buildActionMask = 2147483647;
			files = (
				1A579C5F187B449B00E5F5BE /* XCTest.framework in Frameworks */,
				1A579C61187B449B00E5F5BE /* UIKit.framework in Frameworks */,
				1A579C60187B449B00E5F5BE /* Foundation.framework in Frameworks */,
			);
			runOnlyForDeploymentPostprocessing = 0;
		};
/* End PBXFrameworksBuildPhase section */

/* Begin PBXGroup section */
		1A579C39187B449B00E5F5BE = {
			isa = PBXGroup;
			children = (
				1A376203187C5911008742BF /* README.md */,
				1A579C4B187B449B00E5F5BE /* LayoutExamples */,
				1A579C64187B449B00E5F5BE /* LayoutExamplesTests */,
				1A579C44187B449B00E5F5BE /* Frameworks */,
				1A579C43187B449B00E5F5BE /* Products */,
			);
			sourceTree = "<group>";
		};
		1A579C43187B449B00E5F5BE /* Products */ = {
			isa = PBXGroup;
			children = (
				1A579C42187B449B00E5F5BE /* LayoutExamples.app */,
				1A579C5D187B449B00E5F5BE /* LayoutExamplesTests.xctest */,
			);
			name = Products;
			sourceTree = "<group>";
		};
		1A579C44187B449B00E5F5BE /* Frameworks */ = {
			isa = PBXGroup;
			children = (
				1A579C45187B449B00E5F5BE /* Foundation.framework */,
				1A579C47187B449B00E5F5BE /* CoreGraphics.framework */,
				1A579C49187B449B00E5F5BE /* UIKit.framework */,
				1A579C5E187B449B00E5F5BE /* XCTest.framework */,
			);
			name = Frameworks;
			sourceTree = "<group>";
		};
		1A579C4B187B449B00E5F5BE /* LayoutExamples */ = {
			isa = PBXGroup;
			children = (
				1A579C54187B449B00E5F5BE /* AppDelegate.h */,
				1A579C55187B449B00E5F5BE /* AppDelegate.m */,
				1A579C74187B45C700E5F5BE /* LayoutList.storyboard */,
				1A579C82187B4DEE00E5F5BE /* LayoutListTableViewController.h */,
				1A579C83187B4DEE00E5F5BE /* LayoutListTableViewController.m */,
				1AFEDE66187B8E4A0002A697 /* Services */,
				1A8ABA11187E33BD004F9AA3 /* MenuExpand */,
				1A579C7F187B4B1100E5F5BE /* Assets */,
				1AFEDE5A187B8BFA0002A697 /* DynamicCellHeight */,
				1A579C78187B4ABC00E5F5BE /* DynamicTextHeight */,
				1A579C57187B449B00E5F5BE /* Images.xcassets */,
				1A579C4C187B449B00E5F5BE /* Supporting Files */,
			);
			path = LayoutExamples;
			sourceTree = "<group>";
		};
		1A579C4C187B449B00E5F5BE /* Supporting Files */ = {
			isa = PBXGroup;
			children = (
				1A579C4D187B449B00E5F5BE /* LayoutExamples-Info.plist */,
				1A579C4E187B449B00E5F5BE /* InfoPlist.strings */,
				1A579C51187B449B00E5F5BE /* main.m */,
				1A579C53187B449B00E5F5BE /* LayoutExamples-Prefix.pch */,
			);
			name = "Supporting Files";
			sourceTree = "<group>";
		};
		1A579C64187B449B00E5F5BE /* LayoutExamplesTests */ = {
			isa = PBXGroup;
			children = (
				1A579C6A187B449B00E5F5BE /* LayoutExamplesTests.m */,
				1A579C65187B449B00E5F5BE /* Supporting Files */,
			);
			path = LayoutExamplesTests;
			sourceTree = "<group>";
		};
		1A579C65187B449B00E5F5BE /* Supporting Files */ = {
			isa = PBXGroup;
			children = (
				1A579C66187B449B00E5F5BE /* LayoutExamplesTests-Info.plist */,
				1A579C67187B449B00E5F5BE /* InfoPlist.strings */,
			);
			name = "Supporting Files";
			sourceTree = "<group>";
		};
		1A579C78187B4ABC00E5F5BE /* DynamicTextHeight */ = {
			isa = PBXGroup;
			children = (
				1A579C76187B472900E5F5BE /* DynamicTextHeight.storyboard */,
				1A579C79187B4AE700E5F5BE /* DynamicTextHeightTableViewController.h */,
				1A579C7A187B4AE700E5F5BE /* DynamicTextHeightTableViewController.m */,
				1A579C7C187B4B0300E5F5BE /* DynamicTextHeightDetailViewController.h */,
				1A579C7D187B4B0300E5F5BE /* DynamicTextHeightDetailViewController.m */,
				1A26E052187C5216000CF46C /* DynamicTextHeightLabel.h */,
				1A26E053187C5216000CF46C /* DynamicTextHeightLabel.m */,
			);
			name = DynamicTextHeight;
			sourceTree = "<group>";
		};
		1A579C7F187B4B1100E5F5BE /* Assets */ = {
			isa = PBXGroup;
			children = (
				1A579C80187B4B1100E5F5BE /* firefly.json */,
			);
			path = Assets;
			sourceTree = "<group>";
		};
		1A8ABA11187E33BD004F9AA3 /* MenuExpand */ = {
			isa = PBXGroup;
			children = (
				1A8ABA12187E33DD004F9AA3 /* MenuExpand.storyboard */,
				1A8ABA14187E33F1004F9AA3 /* MenuExpandViewController.h */,
				1A8ABA15187E33F1004F9AA3 /* MenuExpandViewController.m */,
			);
			name = MenuExpand;
			sourceTree = "<group>";
		};
		1AFEDE5A187B8BFA0002A697 /* DynamicCellHeight */ = {
			isa = PBXGroup;
			children = (
				1AFEDE5B187B8C210002A697 /* DynamicCellHeight.storyboard */,
				1AFEDE5D187B8D4F0002A697 /* DynamicCellHeightTableViewController.h */,
				1AFEDE5E187B8D4F0002A697 /* DynamicCellHeightTableViewController.m */,
				1AFEDE60187B8DD50002A697 /* DynamicHeightCell.h */,
				1AFEDE61187B8DD50002A697 /* DynamicHeightCell.m */,
			);
			name = DynamicCellHeight;
			sourceTree = "<group>";
		};
		1AFEDE66187B8E4A0002A697 /* Services */ = {
			isa = PBXGroup;
			children = (
				1AFEDE63187B8E440002A697 /* FireflyService.h */,
				1AFEDE64187B8E440002A697 /* FireflyService.m */,
			);
			name = Services;
			sourceTree = "<group>";
		};
/* End PBXGroup section */

/* Begin PBXNativeTarget section */
		1A579C41187B449B00E5F5BE /* LayoutExamples */ = {
			isa = PBXNativeTarget;
			buildConfigurationList = 1A579C6E187B449B00E5F5BE /* Build configuration list for PBXNativeTarget "LayoutExamples" */;
			buildPhases = (
				1A579C3E187B449B00E5F5BE /* Sources */,
				1A579C3F187B449B00E5F5BE /* Frameworks */,
				1A579C40187B449B00E5F5BE /* Resources */,
			);
			buildRules = (
			);
			dependencies = (
			);
			name = LayoutExamples;
			productName = LayoutExamples;
			productReference = 1A579C42187B449B00E5F5BE /* LayoutExamples.app */;
			productType = "com.apple.product-type.application";
		};
		1A579C5C187B449B00E5F5BE /* LayoutExamplesTests */ = {
			isa = PBXNativeTarget;
			buildConfigurationList = 1A579C71187B449B00E5F5BE /* Build configuration list for PBXNativeTarget "LayoutExamplesTests" */;
			buildPhases = (
				1A579C59187B449B00E5F5BE /* Sources */,
				1A579C5A187B449B00E5F5BE /* Frameworks */,
				1A579C5B187B449B00E5F5BE /* Resources */,
			);
			buildRules = (
			);
			dependencies = (
				1A579C63187B449B00E5F5BE /* PBXTargetDependency */,
			);
			name = LayoutExamplesTests;
			productName = LayoutExamplesTests;
			productReference = 1A579C5D187B449B00E5F5BE /* LayoutExamplesTests.xctest */;
			productType = "com.apple.product-type.bundle.unit-test";
		};
/* End PBXNativeTarget section */

/* Begin PBXProject section */
		1A579C3A187B449B00E5F5BE /* Project object */ = {
			isa = PBXProject;
			attributes = {
				LastUpgradeCheck = 0500;
				ORGANIZATIONNAME = "Michael Zornek";
				TargetAttributes = {
					1A579C5C187B449B00E5F5BE = {
						TestTargetID = 1A579C41187B449B00E5F5BE;
					};
				};
			};
			buildConfigurationList = 1A579C3D187B449B00E5F5BE /* Build configuration list for PBXProject "LayoutExamples" */;
			compatibilityVersion = "Xcode 3.2";
			developmentRegion = English;
			hasScannedForEncodings = 0;
			knownRegions = (
				en,
			);
			mainGroup = 1A579C39187B449B00E5F5BE;
			productRefGroup = 1A579C43187B449B00E5F5BE /* Products */;
			projectDirPath = "";
			projectRoot = "";
			targets = (
				1A579C41187B449B00E5F5BE /* LayoutExamples */,
				1A579C5C187B449B00E5F5BE /* LayoutExamplesTests */,
			);
		};
/* End PBXProject section */

/* Begin PBXResourcesBuildPhase section */
		1A579C40187B449B00E5F5BE /* Resources */ = {
			isa = PBXResourcesBuildPhase;
			buildActionMask = 2147483647;
			files = (
				1A579C50187B449B00E5F5BE /* InfoPlist.strings in Resources */,
				1AFEDE5C187B8C210002A697 /* DynamicCellHeight.storyboard in Resources */,
				1A8ABA13187E33DD004F9AA3 /* MenuExpand.storyboard in Resources */,
				1A579C58187B449B00E5F5BE /* Images.xcassets in Resources */,
				1A579C77187B472900E5F5BE /* DynamicTextHeight.storyboard in Resources */,
				1A579C81187B4B1100E5F5BE /* firefly.json in Resources */,
				1A579C75187B45C700E5F5BE /* LayoutList.storyboard in Resources */,
			);
			runOnlyForDeploymentPostprocessing = 0;
		};
		1A579C5B187B449B00E5F5BE /* Resources */ = {
			isa = PBXResourcesBuildPhase;
			buildActionMask = 2147483647;
			files = (
				1A579C69187B449B00E5F5BE /* InfoPlist.strings in Resources */,
			);
			runOnlyForDeploymentPostprocessing = 0;
		};
/* End PBXResourcesBuildPhase section */

/* Begin PBXSourcesBuildPhase section */
		1A579C3E187B449B00E5F5BE /* Sources */ = {
			isa = PBXSourcesBuildPhase;
			buildActionMask = 2147483647;
			files = (
				1AFEDE62187B8DD50002A697 /* DynamicHeightCell.m in Sources */,
				1A8ABA16187E33F1004F9AA3 /* MenuExpandViewController.m in Sources */,
				1A26E054187C5216000CF46C /* DynamicTextHeightLabel.m in Sources */,
				1A579C56187B449B00E5F5BE /* AppDelegate.m in Sources */,
				1A579C7B187B4AE700E5F5BE /* DynamicTextHeightTableViewController.m in Sources */,
				1AFEDE5F187B8D4F0002A697 /* DynamicCellHeightTableViewController.m in Sources */,
				1A579C52187B449B00E5F5BE /* main.m in Sources */,
				1AFEDE65187B8E440002A697 /* FireflyService.m in Sources */,
				1A579C84187B4DEE00E5F5BE /* LayoutListTableViewController.m in Sources */,
				1A579C7E187B4B0300E5F5BE /* DynamicTextHeightDetailViewController.m in Sources */,
			);
			runOnlyForDeploymentPostprocessing = 0;
		};
		1A579C59187B449B00E5F5BE /* Sources */ = {
			isa = PBXSourcesBuildPhase;
			buildActionMask = 2147483647;
			files = (
				1A579C6B187B449B00E5F5BE /* LayoutExamplesTests.m in Sources */,
			);
			runOnlyForDeploymentPostprocessing = 0;
		};
/* End PBXSourcesBuildPhase section */

/* Begin PBXTargetDependency section */
		1A579C63187B449B00E5F5BE /* PBXTargetDependency */ = {
			isa = PBXTargetDependency;
			target = 1A579C41187B449B00E5F5BE /* LayoutExamples */;
			targetProxy = 1A579C62187B449B00E5F5BE /* PBXContainerItemProxy */;
		};
/* End PBXTargetDependency section */

/* Begin PBXVariantGroup section */
		1A579C4E187B449B00E5F5BE /* InfoPlist.strings */ = {
			isa = PBXVariantGroup;
			children = (
				1A579C4F187B449B00E5F5BE /* en */,
			);
			name = InfoPlist.strings;
			sourceTree = "<group>";
		};
		1A579C67187B449B00E5F5BE /* InfoPlist.strings */ = {
			isa = PBXVariantGroup;
			children = (
				1A579C68187B449B00E5F5BE /* en */,
			);
			name = InfoPlist.strings;
			sourceTree = "<group>";
		};
/* End PBXVariantGroup section */

/* Begin XCBuildConfiguration section */
		1A579C6C187B449B00E5F5BE /* Debug */ = {
			isa = XCBuildConfiguration;
			buildSettings = {
				ALWAYS_SEARCH_USER_PATHS = NO;
				ARCHS = "$(ARCHS_STANDARD_INCLUDING_64_BIT)";
				CLANG_CXX_LANGUAGE_STANDARD = "gnu++0x";
				CLANG_CXX_LIBRARY = "libc++";
				CLANG_ENABLE_MODULES = YES;
				CLANG_ENABLE_OBJC_ARC = YES;
				CLANG_WARN_BOOL_CONVERSION = YES;
				CLANG_WARN_CONSTANT_CONVERSION = YES;
				CLANG_WARN_DIRECT_OBJC_ISA_USAGE = YES_ERROR;
				CLANG_WARN_EMPTY_BODY = YES;
				CLANG_WARN_ENUM_CONVERSION = YES;
				CLANG_WARN_INT_CONVERSION = YES;
				CLANG_WARN_OBJC_ROOT_CLASS = YES_ERROR;
				CLANG_WARN__DUPLICATE_METHOD_MATCH = YES;
				"CODE_SIGN_IDENTITY[sdk=iphoneos*]" = "iPhone Developer";
				COPY_PHASE_STRIP = NO;
				GCC_C_LANGUAGE_STANDARD = gnu99;
				GCC_DYNAMIC_NO_PIC = NO;
				GCC_OPTIMIZATION_LEVEL = 0;
				GCC_PREPROCESSOR_DEFINITIONS = (
					"DEBUG=1",
					"$(inherited)",
				);
				GCC_SYMBOLS_PRIVATE_EXTERN = NO;
				GCC_WARN_64_TO_32_BIT_CONVERSION = YES;
				GCC_WARN_ABOUT_RETURN_TYPE = YES_ERROR;
				GCC_WARN_UNDECLARED_SELECTOR = YES;
				GCC_WARN_UNINITIALIZED_AUTOS = YES;
				GCC_WARN_UNUSED_FUNCTION = YES;
				GCC_WARN_UNUSED_VARIABLE = YES;
				IPHONEOS_DEPLOYMENT_TARGET = 7.0;
				ONLY_ACTIVE_ARCH = YES;
				SDKROOT = iphoneos;
				TARGETED_DEVICE_FAMILY = "1,2";
			};
			name = Debug;
		};
		1A579C6D187B449B00E5F5BE /* Release */ = {
			isa = XCBuildConfiguration;
			buildSettings = {
				ALWAYS_SEARCH_USER_PATHS = NO;
				ARCHS = "$(ARCHS_STANDARD_INCLUDING_64_BIT)";
				CLANG_CXX_LANGUAGE_STANDARD = "gnu++0x";
				CLANG_CXX_LIBRARY = "libc++";
				CLANG_ENABLE_MODULES = YES;
				CLANG_ENABLE_OBJC_ARC = YES;
				CLANG_WARN_BOOL_CONVERSION = YES;
				CLANG_WARN_CONSTANT_CONVERSION = YES;
				CLANG_WARN_DIRECT_OBJC_ISA_USAGE = YES_ERROR;
				CLANG_WARN_EMPTY_BODY = YES;
				CLANG_WARN_ENUM_CONVERSION = YES;
				CLANG_WARN_INT_CONVERSION = YES;
				CLANG_WARN_OBJC_ROOT_CLASS = YES_ERROR;
				CLANG_WARN__DUPLICATE_METHOD_MATCH = YES;
				"CODE_SIGN_IDENTITY[sdk=iphoneos*]" = "iPhone Developer";
				COPY_PHASE_STRIP = YES;
				ENABLE_NS_ASSERTIONS = NO;
				GCC_C_LANGUAGE_STANDARD = gnu99;
				GCC_WARN_64_TO_32_BIT_CONVERSION = YES;
				GCC_WARN_ABOUT_RETURN_TYPE = YES_ERROR;
				GCC_WARN_UNDECLARED_SELECTOR = YES;
				GCC_WARN_UNINITIALIZED_AUTOS = YES;
				GCC_WARN_UNUSED_FUNCTION = YES;
				GCC_WARN_UNUSED_VARIABLE = YES;
				IPHONEOS_DEPLOYMENT_TARGET = 7.0;
				SDKROOT = iphoneos;
				TARGETED_DEVICE_FAMILY = "1,2";
				VALIDATE_PRODUCT = YES;
			};
			name = Release;
		};
		1A579C6F187B449B00E5F5BE /* Debug */ = {
			isa = XCBuildConfiguration;
			buildSettings = {
				ASSETCATALOG_COMPILER_APPICON_NAME = AppIcon;
				ASSETCATALOG_COMPILER_LAUNCHIMAGE_NAME = LaunchImage;
				GCC_PRECOMPILE_PREFIX_HEADER = YES;
				GCC_PREFIX_HEADER = "LayoutExamples/LayoutExamples-Prefix.pch";
				INFOPLIST_FILE = "LayoutExamples/LayoutExamples-Info.plist";
				PRODUCT_NAME = "$(TARGET_NAME)";
				WRAPPER_EXTENSION = app;
			};
			name = Debug;
		};
		1A579C70187B449B00E5F5BE /* Release */ = {
			isa = XCBuildConfiguration;
			buildSettings = {
				ASSETCATALOG_COMPILER_APPICON_NAME = AppIcon;
				ASSETCATALOG_COMPILER_LAUNCHIMAGE_NAME = LaunchImage;
				GCC_PRECOMPILE_PREFIX_HEADER = YES;
				GCC_PREFIX_HEADER = "LayoutExamples/LayoutExamples-Prefix.pch";
				INFOPLIST_FILE = "LayoutExamples/LayoutExamples-Info.plist";
				PRODUCT_NAME = "$(TARGET_NAME)";
				WRAPPER_EXTENSION = app;
			};
			name = Release;
		};
		1A579C72187B449B00E5F5BE /* Debug */ = {
			isa = XCBuildConfiguration;
			buildSettings = {
				ARCHS = "$(ARCHS_STANDARD_INCLUDING_64_BIT)";
				BUNDLE_LOADER = "$(BUILT_PRODUCTS_DIR)/LayoutExamples.app/LayoutExamples";
				FRAMEWORK_SEARCH_PATHS = (
					"$(SDKROOT)/Developer/Library/Frameworks",
					"$(inherited)",
					"$(DEVELOPER_FRAMEWORKS_DIR)",
				);
				GCC_PRECOMPILE_PREFIX_HEADER = YES;
				GCC_PREFIX_HEADER = "LayoutExamples/LayoutExamples-Prefix.pch";
				GCC_PREPROCESSOR_DEFINITIONS = (
					"DEBUG=1",
					"$(inherited)",
				);
				INFOPLIST_FILE = "LayoutExamplesTests/LayoutExamplesTests-Info.plist";
				PRODUCT_NAME = "$(TARGET_NAME)";
				TEST_HOST = "$(BUNDLE_LOADER)";
				WRAPPER_EXTENSION = xctest;
			};
			name = Debug;
		};
		1A579C73187B449B00E5F5BE /* Release */ = {
			isa = XCBuildConfiguration;
			buildSettings = {
				ARCHS = "$(ARCHS_STANDARD_INCLUDING_64_BIT)";
				BUNDLE_LOADER = "$(BUILT_PRODUCTS_DIR)/LayoutExamples.app/LayoutExamples";
				FRAMEWORK_SEARCH_PATHS = (
					"$(SDKROOT)/Developer/Library/Frameworks",
					"$(inherited)",
					"$(DEVELOPER_FRAMEWORKS_DIR)",
				);
				GCC_PRECOMPILE_PREFIX_HEADER = YES;
				GCC_PREFIX_HEADER = "LayoutExamples/LayoutExamples-Prefix.pch";
				INFOPLIST_FILE = "LayoutExamplesTests/LayoutExamplesTests-Info.plist";
				PRODUCT_NAME = "$(TARGET_NAME)";
				TEST_HOST = "$(BUNDLE_LOADER)";
				WRAPPER_EXTENSION = xctest;
			};
			name = Release;
		};
/* End XCBuildConfiguration section */

/* Begin XCConfigurationList section */
		1A579C3D187B449B00E5F5BE /* Build configuration list for PBXProject "LayoutExamples" */ = {
			isa = XCConfigurationList;
			buildConfigurations = (
				1A579C6C187B449B00E5F5BE /* Debug */,
				1A579C6D187B449B00E5F5BE /* Release */,
			);
			defaultConfigurationIsVisible = 0;
			defaultConfigurationName = Release;
		};
		1A579C6E187B449B00E5F5BE /* Build configuration list for PBXNativeTarget "LayoutExamples" */ = {
			isa = XCConfigurationList;
			buildConfigurations = (
				1A579C6F187B449B00E5F5BE /* Debug */,
				1A579C70187B449B00E5F5BE /* Release */,
			);
			defaultConfigurationIsVisible = 0;
			defaultConfigurationName = Release;
		};
		1A579C71187B449B00E5F5BE /* Build configuration list for PBXNativeTarget "LayoutExamplesTests" */ = {
			isa = XCConfigurationList;
			buildConfigurations = (
				1A579C72187B449B00E5F5BE /* Debug */,
				1A579C73187B449B00E5F5BE /* Release */,
			);
			defaultConfigurationIsVisible = 0;
			defaultConfigurationName = Release;
		};
/* End XCConfigurationList section */
	};
	rootObject = 1A579C3A187B449B00E5F5BE /* Project object */;
}
